
Microsoft Visual Studio Solution File, Format Version 12.00
# Visual Studio Version 17
VisualStudioVersion = 17.4.33213.308
MinimumVisualStudioVersion = 10.0.40219.1
Project("{FAE04EC0-301F-11D3-BF4B-00C04F79EFBC}") = "ConexaoBDComTelas", "ConexaoBDComTelas\ConexaoBDComTelas.csproj", "{B4DBB765-D76D-40AF-9E4F-FD7927CE8AA0}"
EndProject
Global
	GlobalSection(SolutionConfigurationPlatforms) = preSolution
		Debug|Any CPU = Debug|Any CPU
		Release|Any CPU = Release|Any CPU
	EndGlobalSection
	GlobalSection(ProjectConfigurationPlatforms) = postSolution
		{B4DBB765-D76D-40AF-9E4F-FD7927CE8AA0}.Debug|Any CPU.ActiveCfg = Debug|Any CPU
		{B4DBB765-D76D-40AF-9E4F-FD7927CE8AA0}.Debug|Any CPU.Build.0 = Debug|Any CPU
		{B4DBB765-D76D-40AF-9E4F-FD7927CE8AA0}.Release|Any CPU.ActiveCfg = Release|Any CPU
		{B4DBB765-D76D-40AF-9E4F-FD7927CE8AA0}.Release|Any CPU.Build.0 = Release|Any CPU
	EndGlobalSection
	GlobalSection(SolutionProperties) = preSolution
		HideSolutionNode = FALSE
	EndGlobalSection
	GlobalSection(ExtensibilityGlobals) = postSolution
		SolutionGuid = {08AEF417-D7D3-4FA3-970F-67347E602484}
	EndGlobalSection
EndGlobal
